
Microsoft Visual Studio Solution File, Format Version 12.00
# Visual Studio Version 17
VisualStudioVersion = 17.2.32616.157
MinimumVisualStudioVersion = 10.0.40219.1
Project("{9A19103F-16F7-4668-BE54-9A1E7A4F7556}") = "MovieAPI", "MovieAPI\MovieAPI.csproj", "{5847ADD5-8EFF-4DEE-96D4-D15D1AE33D10}"
EndProject
Project("{FAE04EC0-301F-11D3-BF4B-00C04F79EFBC}") = "MovieAPI.Tests", "MovieAPI.Tests\MovieAPI.Tests.csproj", "{9BF1058D-4BC6-4ABA-B7EA-7C977560F75B}"
EndProject
Global
	GlobalSection(SolutionConfigurationPlatforms) = preSolution
		Debug|Any CPU = Debug|Any CPU
		Release|Any CPU = Release|Any CPU
	EndGlobalSection
	GlobalSection(ProjectConfigurationPlatforms) = postSolution
		{5847ADD5-8EFF-4DEE-96D4-D15D1AE33D10}.Debug|Any CPU.ActiveCfg = Debug|Any CPU
		{5847ADD5-8EFF-4DEE-96D4-D15D1AE33D10}.Debug|Any CPU.Build.0 = Debug|Any CPU
		{5847ADD5-8EFF-4DEE-96D4-D15D1AE33D10}.Release|Any CPU.ActiveCfg = Release|Any CPU
		{5847ADD5-8EFF-4DEE-96D4-D15D1AE33D10}.Release|Any CPU.Build.0 = Release|Any CPU
		{9BF1058D-4BC6-4ABA-B7EA-7C977560F75B}.Debug|Any CPU.ActiveCfg = Debug|Any CPU
		{9BF1058D-4BC6-4ABA-B7EA-7C977560F75B}.Debug|Any CPU.Build.0 = Debug|Any CPU
		{9BF1058D-4BC6-4ABA-B7EA-7C977560F75B}.Release|Any CPU.ActiveCfg = Release|Any CPU
		{9BF1058D-4BC6-4ABA-B7EA-7C977560F75B}.Release|Any CPU.Build.0 = Release|Any CPU
	EndGlobalSection
	GlobalSection(SolutionProperties) = preSolution
		HideSolutionNode = FALSE
	EndGlobalSection
	GlobalSection(ExtensibilityGlobals) = postSolution
		SolutionGuid = {CFAB429E-EAD7-4211-9595-BB94ABD82F5C}
	EndGlobalSection
EndGlobal
